
Microsoft Visual Studio Solution File, Format Version 12.00
# Visual Studio 14
VisualStudioVersion = 14.0.25123.0
MinimumVisualStudioVersion = 10.0.40219.1
Project("{FAE04EC0-301F-11D3-BF4B-00C04F79EFBC}") = "VariableDetector", ".\VariableDetector\VariableDetector.csproj", "{720E1DEF-4B6C-4FA9-BF9D-69A31AC39A89}"
EndProject
Project("{FAE04EC0-301F-11D3-BF4B-00C04F79EFBC}") = "VariableDetector.Test", ".\VariableDetector.Test\VariableDetector.Test.csproj", "{F8EBBDC0-FCC1-4E03-9AC3-DBE394CE5D1C}"
EndProject
Global
	GlobalSection(SolutionConfigurationPlatforms) = preSolution
		Debug|Any CPU = Debug|Any CPU
		Release|Any CPU = Release|Any CPU
	EndGlobalSection
	GlobalSection(ProjectConfigurationPlatforms) = postSolution
		{720E1DEF-4B6C-4FA9-BF9D-69A31AC39A89}.Debug|Any CPU.ActiveCfg = Debug|Any CPU
		{720E1DEF-4B6C-4FA9-BF9D-69A31AC39A89}.Debug|Any CPU.Build.0 = Debug|Any CPU
		{720E1DEF-4B6C-4FA9-BF9D-69A31AC39A89}.Release|Any CPU.ActiveCfg = Release|Any CPU
		{720E1DEF-4B6C-4FA9-BF9D-69A31AC39A89}.Release|Any CPU.Build.0 = Release|Any CPU
		{F8EBBDC0-FCC1-4E03-9AC3-DBE394CE5D1C}.Debug|Any CPU.ActiveCfg = Debug|Any CPU
		{F8EBBDC0-FCC1-4E03-9AC3-DBE394CE5D1C}.Debug|Any CPU.Build.0 = Debug|Any CPU
		{F8EBBDC0-FCC1-4E03-9AC3-DBE394CE5D1C}.Release|Any CPU.ActiveCfg = Release|Any CPU
		{F8EBBDC0-FCC1-4E03-9AC3-DBE394CE5D1C}.Release|Any CPU.Build.0 = Release|Any CPU
	EndGlobalSection
	GlobalSection(SolutionProperties) = preSolution
		HideSolutionNode = FALSE
	EndGlobalSection
EndGlobal
